// !$*UTF8*$!
{
	archiveVersion = 1;
	classes = {
	};
	objectVersion = 46;
	objects = {

/* Begin PBXBuildFile section */
		BE051B751A9121CC00F146C6 /* AppDelegate.swift in Sources */ = {isa = PBXBuildFile; fileRef = BE051B741A9121CC00F146C6 /* AppDelegate.swift */; };
		BE051B7A1A9121CC00F146C6 /* Main.storyboard in Resources */ = {isa = PBXBuildFile; fileRef = BE051B781A9121CC00F146C6 /* Main.storyboard */; };
		BE051B7C1A9121CC00F146C6 /* Images.xcassets in Resources */ = {isa = PBXBuildFile; fileRef = BE051B7B1A9121CC00F146C6 /* Images.xcassets */; };
		BE051B7F1A9121CC00F146C6 /* LaunchScreen.xib in Resources */ = {isa = PBXBuildFile; fileRef = BE051B7D1A9121CC00F146C6 /* LaunchScreen.xib */; };
		BE051B8B1A9121CC00F146C6 /* LoginProjectTests.swift in Sources */ = {isa = PBXBuildFile; fileRef = BE051B8A1A9121CC00F146C6 /* LoginProjectTests.swift */; };
		BE051B951A9122D000F146C6 /* LoginViewController.swift in Sources */ = {isa = PBXBuildFile; fileRef = BE051B941A9122D000F146C6 /* LoginViewController.swift */; };
		BE051B971A9122F900F146C6 /* CreateAccountViewController.swift in Sources */ = {isa = PBXBuildFile; fileRef = BE051B961A9122F900F146C6 /* CreateAccountViewController.swift */; };
		BE051B991A91230600F146C6 /* MainViewController.swift in Sources */ = {isa = PBXBuildFile; fileRef = BE051B981A91230600F146C6 /* MainViewController.swift */; };
/* End PBXBuildFile section */

/* Begin PBXContainerItemProxy section */
		BE051B851A9121CC00F146C6 /* PBXContainerItemProxy */ = {
			isa = PBXContainerItemProxy;
			containerPortal = BE051B671A9121CC00F146C6 /* Project object */;
			proxyType = 1;
			remoteGlobalIDString = BE051B6E1A9121CC00F146C6;
			remoteInfo = LoginProject;
		};
/* End PBXContainerItemProxy section */

/* Begin PBXFileReference section */
		BE051B6F1A9121CC00F146C6 /* LoginProject.app */ = {isa = PBXFileReference; explicitFileType = wrapper.application; includeInIndex = 0; path = LoginProject.app; sourceTree = BUILT_PRODUCTS_DIR; };
		BE051B731A9121CC00F146C6 /* Info.plist */ = {isa = PBXFileReference; lastKnownFileType = text.plist.xml; path = Info.plist; sourceTree = "<group>"; };
		BE051B741A9121CC00F146C6 /* AppDelegate.swift */ = {isa = PBXFileReference; lastKnownFileType = sourcecode.swift; path = AppDelegate.swift; sourceTree = "<group>"; };
		BE051B791A9121CC00F146C6 /* Base */ = {isa = PBXFileReference; lastKnownFileType = file.storyboard; name = Base; path = Base.lproj/Main.storyboard; sourceTree = "<group>"; };
		BE051B7B1A9121CC00F146C6 /* Images.xcassets */ = {isa = PBXFileReference; lastKnownFileType = folder.assetcatalog; path = Images.xcassets; sourceTree = "<group>"; };
		BE051B7E1A9121CC00F146C6 /* Base */ = {isa = PBXFileReference; lastKnownFileType = file.xib; name = Base; path = Base.lproj/LaunchScreen.xib; sourceTree = "<group>"; };
		BE051B841A9121CC00F146C6 /* LoginProjectTests.xctest */ = {isa = PBXFileReference; explicitFileType = wrapper.cfbundle; includeInIndex = 0; path = LoginProjectTests.xctest; sourceTree = BUILT_PRODUCTS_DIR; };
		BE051B891A9121CC00F146C6 /* Info.plist */ = {isa = PBXFileReference; lastKnownFileType = text.plist.xml; path = Info.plist; sourceTree = "<group>"; };
		BE051B8A1A9121CC00F146C6 /* LoginProjectTests.swift */ = {isa = PBXFileReference; lastKnownFileType = sourcecode.swift; path = LoginProjectTests.swift; sourceTree = "<group>"; };
		BE051B941A9122D000F146C6 /* LoginViewController.swift */ = {isa = PBXFileReference; fileEncoding = 4; lastKnownFileType = sourcecode.swift; path = LoginViewController.swift; sourceTree = "<group>"; };
		BE051B961A9122F900F146C6 /* CreateAccountViewController.swift */ = {isa = PBXFileReference; fileEncoding = 4; lastKnownFileType = sourcecode.swift; path = CreateAccountViewController.swift; sourceTree = "<group>"; };
		BE051B981A91230600F146C6 /* MainViewController.swift */ = {isa = PBXFileReference; fileEncoding = 4; lastKnownFileType = sourcecode.swift; path = MainViewController.swift; sourceTree = "<group>"; };
/* End PBXFileReference section */

/* Begin PBXFrameworksBuildPhase section */
		BE051B6C1A9121CC00F146C6 /* Frameworks */ = {
			isa = PBXFrameworksBuildPhase;
			buildActionMask = 2147483647;
			files = (
			);
			runOnlyForDeploymentPostprocessing = 0;
		};
		BE051B811A9121CC00F146C6 /* Frameworks */ = {
			isa = PBXFrameworksBuildPhase;
			buildActionMask = 2147483647;
			files = (
			);
			runOnlyForDeploymentPostprocessing = 0;
		};
/* End PBXFrameworksBuildPhase section */

/* Begin PBXGroup section */
		BE051B661A9121CC00F146C6 = {
			isa = PBXGroup;
			children = (
				BE051B711A9121CC00F146C6 /* LoginProject */,
				BE051B871A9121CC00F146C6 /* LoginProjectTests */,
				BE051B701A9121CC00F146C6 /* Products */,
			);
			sourceTree = "<group>";
		};
		BE051B701A9121CC00F146C6 /* Products */ = {
			isa = PBXGroup;
			children = (
				BE051B6F1A9121CC00F146C6 /* LoginProject.app */,
				BE051B841A9121CC00F146C6 /* LoginProjectTests.xctest */,
			);
			name = Products;
			sourceTree = "<group>";
		};
		BE051B711A9121CC00F146C6 /* LoginProject */ = {
			isa = PBXGroup;
			children = (
				BE051B741A9121CC00F146C6 /* AppDelegate.swift */,
				BE051B941A9122D000F146C6 /* LoginViewController.swift */,
				BE051B961A9122F900F146C6 /* CreateAccountViewController.swift */,
				BE051B981A91230600F146C6 /* MainViewController.swift */,
				BE051B781A9121CC00F146C6 /* Main.storyboard */,
				BE051B7B1A9121CC00F146C6 /* Images.xcassets */,
				BE051B7D1A9121CC00F146C6 /* LaunchScreen.xib */,
				BE051B721A9121CC00F146C6 /* Supporting Files */,
			);
			path = LoginProject;
			sourceTree = "<group>";
		};
		BE051B721A9121CC00F146C6 /* Supporting Files */ = {
			isa = PBXGroup;
			children = (
				BE051B731A9121CC00F146C6 /* Info.plist */,
			);
			name = "Supporting Files";
			sourceTree = "<group>";
		};
		BE051B871A9121CC00F146C6 /* LoginProjectTests */ = {
			isa = PBXGroup;
			children = (
				BE051B8A1A9121CC00F146C6 /* LoginProjectTests.swift */,
				BE051B881A9121CC00F146C6 /* Supporting Files */,
			);
			path = LoginProjectTests;
			sourceTree = "<group>";
		};
		BE051B881A9121CC00F146C6 /* Supporting Files */ = {
			isa = PBXGroup;
			children = (
				BE051B891A9121CC00F146C6 /* Info.plist */,
			);
			name = "Supporting Files";
			sourceTree = "<group>";
		};
/* End PBXGroup section */

/* Begin PBXNativeTarget section */
		BE051B6E1A9121CC00F146C6 /* LoginProject */ = {
			isa = PBXNativeTarget;
			buildConfigurationList = BE051B8E1A9121CC00F146C6 /* Build configuration list for PBXNativeTarget "LoginProject" */;
			buildPhases = (
				BE051B6B1A9121CC00F146C6 /* Sources */,
				BE051B6C1A9121CC00F146C6 /* Frameworks */,
				BE051B6D1A9121CC00F146C6 /* Resources */,
			);
			buildRules = (
			);
			dependencies = (
			);
			name = LoginProject;
			productName = LoginProject;
			productReference = BE051B6F1A9121CC00F146C6 /* LoginProject.app */;
			productType = "com.apple.product-type.application";
		};
		BE051B831A9121CC00F146C6 /* LoginProjectTests */ = {
			isa = PBXNativeTarget;
			buildConfigurationList = BE051B911A9121CC00F146C6 /* Build configuration list for PBXNativeTarget "LoginProjectTests" */;
			buildPhases = (
				BE051B801A9121CC00F146C6 /* Sources */,
				BE051B811A9121CC00F146C6 /* Frameworks */,
				BE051B821A9121CC00F146C6 /* Resources */,
			);
			buildRules = (
			);
			dependencies = (
				BE051B861A9121CC00F146C6 /* PBXTargetDependency */,
			);
			name = LoginProjectTests;
			productName = LoginProjectTests;
			productReference = BE051B841A9121CC00F146C6 /* LoginProjectTests.xctest */;
			productType = "com.apple.product-type.bundle.unit-test";
		};
/* End PBXNativeTarget section */

/* Begin PBXProject section */
		BE051B671A9121CC00F146C6 /* Project object */ = {
			isa = PBXProject;
			attributes = {
				LastUpgradeCheck = 0610;
				ORGANIZATIONNAME = "Kenneth Wilcox";
				TargetAttributes = {
					BE051B6E1A9121CC00F146C6 = {
						CreatedOnToolsVersion = 6.1.1;
					};
					BE051B831A9121CC00F146C6 = {
						CreatedOnToolsVersion = 6.1.1;
						TestTargetID = BE051B6E1A9121CC00F146C6;
					};
				};
			};
			buildConfigurationList = BE051B6A1A9121CC00F146C6 /* Build configuration list for PBXProject "LoginProject" */;
			compatibilityVersion = "Xcode 3.2";
			developmentRegion = English;
			hasScannedForEncodings = 0;
			knownRegions = (
				en,
				Base,
			);
			mainGroup = BE051B661A9121CC00F146C6;
			productRefGroup = BE051B701A9121CC00F146C6 /* Products */;
			projectDirPath = "";
			projectRoot = "";
			targets = (
				BE051B6E1A9121CC00F146C6 /* LoginProject */,
				BE051B831A9121CC00F146C6 /* LoginProjectTests */,
			);
		};
/* End PBXProject section */

/* Begin PBXResourcesBuildPhase section */
		BE051B6D1A9121CC00F146C6 /* Resources */ = {
			isa = PBXResourcesBuildPhase;
			buildActionMask = 2147483647;
			files = (
				BE051B7A1A9121CC00F146C6 /* Main.storyboard in Resources */,
				BE051B7F1A9121CC00F146C6 /* LaunchScreen.xib in Resources */,
				BE051B7C1A9121CC00F146C6 /* Images.xcassets in Resources */,
			);
			runOnlyForDeploymentPostprocessing = 0;
		};
		BE051B821A9121CC00F146C6 /* Resources */ = {
			isa = PBXResourcesBuildPhase;
			buildActionMask = 2147483647;
			files = (
			);
			runOnlyForDeploymentPostprocessing = 0;
		};
/* End PBXResourcesBuildPhase section */

/* Begin PBXSourcesBuildPhase section */
		BE051B6B1A9121CC00F146C6 /* Sources */ = {
			isa = PBXSourcesBuildPhase;
			buildActionMask = 2147483647;
			files = (
				BE051B971A9122F900F146C6 /* CreateAccountViewController.swift in Sources */,
				BE051B951A9122D000F146C6 /* LoginViewController.swift in Sources */,
				BE051B751A9121CC00F146C6 /* AppDelegate.swift in Sources */,
				BE051B991A91230600F146C6 /* MainViewController.swift in Sources */,
			);
			runOnlyForDeploymentPostprocessing = 0;
		};
		BE051B801A9121CC00F146C6 /* Sources */ = {
			isa = PBXSourcesBuildPhase;
			buildActionMask = 2147483647;
			files = (
				BE051B8B1A9121CC00F146C6 /* LoginProjectTests.swift in Sources */,
			);
			runOnlyForDeploymentPostprocessing = 0;
		};
/* End PBXSourcesBuildPhase section */

/* Begin PBXTargetDependency section */
		BE051B861A9121CC00F146C6 /* PBXTargetDependency */ = {
			isa = PBXTargetDependency;
			target = BE051B6E1A9121CC00F146C6 /* LoginProject */;
			targetProxy = BE051B851A9121CC00F146C6 /* PBXContainerItemProxy */;
		};
/* End PBXTargetDependency section */

/* Begin PBXVariantGroup section */
		BE051B781A9121CC00F146C6 /* Main.storyboard */ = {
			isa = PBXVariantGroup;
			children = (
				BE051B791A9121CC00F146C6 /* Base */,
			);
			name = Main.storyboard;
			sourceTree = "<group>";
		};
		BE051B7D1A9121CC00F146C6 /* LaunchScreen.xib */ = {
			isa = PBXVariantGroup;
			children = (
				BE051B7E1A9121CC00F146C6 /* Base */,
			);
			name = LaunchScreen.xib;
			sourceTree = "<group>";
		};
/* End PBXVariantGroup section */

/* Begin XCBuildConfiguration section */
		BE051B8C1A9121CC00F146C6 /* Debug */ = {
			isa = XCBuildConfiguration;
			buildSettings = {
				ALWAYS_SEARCH_USER_PATHS = NO;
				CLANG_CXX_LANGUAGE_STANDARD = "gnu++0x";
				CLANG_CXX_LIBRARY = "libc++";
				CLANG_ENABLE_MODULES = YES;
				CLANG_ENABLE_OBJC_ARC = YES;
				CLANG_WARN_BOOL_CONVERSION = YES;
				CLANG_WARN_CONSTANT_CONVERSION = YES;
				CLANG_WARN_DIRECT_OBJC_ISA_USAGE = YES_ERROR;
				CLANG_WARN_EMPTY_BODY = YES;
				CLANG_WARN_ENUM_CONVERSION = YES;
				CLANG_WARN_INT_CONVERSION = YES;
				CLANG_WARN_OBJC_ROOT_CLASS = YES_ERROR;
				CLANG_WARN_UNREACHABLE_CODE = YES;
				CLANG_WARN__DUPLICATE_METHOD_MATCH = YES;
				"CODE_SIGN_IDENTITY[sdk=iphoneos*]" = "iPhone Developer";
				COPY_PHASE_STRIP = NO;
				ENABLE_STRICT_OBJC_MSGSEND = YES;
				GCC_C_LANGUAGE_STANDARD = gnu99;
				GCC_DYNAMIC_NO_PIC = NO;
				GCC_OPTIMIZATION_LEVEL = 0;
				GCC_PREPROCESSOR_DEFINITIONS = (
					"DEBUG=1",
					"$(inherited)",
				);
				GCC_SYMBOLS_PRIVATE_EXTERN = NO;
				GCC_WARN_64_TO_32_BIT_CONVERSION = YES;
				GCC_WARN_ABOUT_RETURN_TYPE = YES_ERROR;
				GCC_WARN_UNDECLARED_SELECTOR = YES;
				GCC_WARN_UNINITIALIZED_AUTOS = YES_AGGRESSIVE;
				GCC_WARN_UNUSED_FUNCTION = YES;
				GCC_WARN_UNUSED_VARIABLE = YES;
				IPHONEOS_DEPLOYMENT_TARGET = 8.1;
				MTL_ENABLE_DEBUG_INFO = YES;
				ONLY_ACTIVE_ARCH = YES;
				SDKROOT = iphoneos;
				SWIFT_OPTIMIZATION_LEVEL = "-Onone";
				TARGETED_DEVICE_FAMILY = "1,2";
			};
			name = Debug;
		};
		BE051B8D1A9121CC00F146C6 /* Release */ = {
			isa = XCBuildConfiguration;
			buildSettings = {
				ALWAYS_SEARCH_USER_PATHS = NO;
				CLANG_CXX_LANGUAGE_STANDARD = "gnu++0x";
				CLANG_CXX_LIBRARY = "libc++";
				CLANG_ENABLE_MODULES = YES;
				CLANG_ENABLE_OBJC_ARC = YES;
				CLANG_WARN_BOOL_CONVERSION = YES;
				CLANG_WARN_CONSTANT_CONVERSION = YES;
				CLANG_WARN_DIRECT_OBJC_ISA_USAGE = YES_ERROR;
				CLANG_WARN_EMPTY_BODY = YES;
				CLANG_WARN_ENUM_CONVERSION = YES;
				CLANG_WARN_INT_CONVERSION = YES;
				CLANG_WARN_OBJC_ROOT_CLASS = YES_ERROR;
				CLANG_WARN_UNREACHABLE_CODE = YES;
				CLANG_WARN__DUPLICATE_METHOD_MATCH = YES;
				"CODE_SIGN_IDENTITY[sdk=iphoneos*]" = "iPhone Developer";
				COPY_PHASE_STRIP = YES;
				ENABLE_NS_ASSERTIONS = NO;
				ENABLE_STRICT_OBJC_MSGSEND = YES;
				GCC_C_LANGUAGE_STANDARD = gnu99;
				GCC_WARN_64_TO_32_BIT_CONVERSION = YES;
				GCC_WARN_ABOUT_RETURN_TYPE = YES_ERROR;
				GCC_WARN_UNDECLARED_SELECTOR = YES;
				GCC_WARN_UNINITIALIZED_AUTOS = YES_AGGRESSIVE;
				GCC_WARN_UNUSED_FUNCTION = YES;
				GCC_WARN_UNUSED_VARIABLE = YES;
				IPHONEOS_DEPLOYMENT_TARGET = 8.1;
				MTL_ENABLE_DEBUG_INFO = NO;
				SDKROOT = iphoneos;
				TARGETED_DEVICE_FAMILY = "1,2";
				VALIDATE_PRODUCT = YES;
			};
			name = Release;
		};
		BE051B8F1A9121CC00F146C6 /* Debug */ = {
			isa = XCBuildConfiguration;
			buildSettings = {
				ASSETCATALOG_COMPILER_APPICON_NAME = AppIcon;
				INFOPLIST_FILE = LoginProject/Info.plist;
				LD_RUNPATH_SEARCH_PATHS = "$(inherited) @executable_path/Frameworks";
				PRODUCT_NAME = "$(TARGET_NAME)";
			};
			name = Debug;
		};
		BE051B901A9121CC00F146C6 /* Release */ = {
			isa = XCBuildConfiguration;
			buildSettings = {
				ASSETCATALOG_COMPILER_APPICON_NAME = AppIcon;
				INFOPLIST_FILE = LoginProject/Info.plist;
				LD_RUNPATH_SEARCH_PATHS = "$(inherited) @executable_path/Frameworks";
				PRODUCT_NAME = "$(TARGET_NAME)";
			};
			name = Release;
		};
		BE051B921A9121CC00F146C6 /* Debug */ = {
			isa = XCBuildConfiguration;
			buildSettings = {
				BUNDLE_LOADER = "$(TEST_HOST)";
				FRAMEWORK_SEARCH_PATHS = (
					"$(SDKROOT)/Developer/Library/Frameworks",
					"$(inherited)",
				);
				GCC_PREPROCESSOR_DEFINITIONS = (
					"DEBUG=1",
					"$(inherited)",
				);
				INFOPLIST_FILE = LoginProjectTests/Info.plist;
				LD_RUNPATH_SEARCH_PATHS = "$(inherited) @executable_path/Frameworks @loader_path/Frameworks";
				PRODUCT_NAME = "$(TARGET_NAME)";
				TEST_HOST = "$(BUILT_PRODUCTS_DIR)/LoginProject.app/LoginProject";
			};
			name = Debug;
		};
		BE051B931A9121CC00F146C6 /* Release */ = {
			isa = XCBuildConfiguration;
			buildSettings = {
				BUNDLE_LOADER = "$(TEST_HOST)";
				FRAMEWORK_SEARCH_PATHS = (
					"$(SDKROOT)/Developer/Library/Frameworks",
					"$(inherited)",
				);
				INFOPLIST_FILE = LoginProjectTests/Info.plist;
				LD_RUNPATH_SEARCH_PATHS = "$(inherited) @executable_path/Frameworks @loader_path/Frameworks";
				PRODUCT_NAME = "$(TARGET_NAME)";
				TEST_HOST = "$(BUILT_PRODUCTS_DIR)/LoginProject.app/LoginProject";
			};
			name = Release;
		};
/* End XCBuildConfiguration section */

/* Begin XCConfigurationList section */
		BE051B6A1A9121CC00F146C6 /* Build configuration list for PBXProject "LoginProject" */ = {
			isa = XCConfigurationList;
			buildConfigurations = (
				BE051B8C1A9121CC00F146C6 /* Debug */,
				BE051B8D1A9121CC00F146C6 /* Release */,
			);
			defaultConfigurationIsVisible = 0;
			defaultConfigurationName = Release;
		};
		BE051B8E1A9121CC00F146C6 /* Build configuration list for PBXNativeTarget "LoginProject" */ = {
			isa = XCConfigurationList;
			buildConfigurations = (
				BE051B8F1A9121CC00F146C6 /* Debug */,
				BE051B901A9121CC00F146C6 /* Release */,
			);
			defaultConfigurationIsVisible = 0;
		};
		BE051B911A9121CC00F146C6 /* Build configuration list for PBXNativeTarget "LoginProjectTests" */ = {
			isa = XCConfigurationList;
			buildConfigurations = (
				BE051B921A9121CC00F146C6 /* Debug */,
				BE051B931A9121CC00F146C6 /* Release */,
			);
			defaultConfigurationIsVisible = 0;
		};
/* End XCConfigurationList section */
	};
	rootObject = BE051B671A9121CC00F146C6 /* Project object */;
}
